
Microsoft Visual Studio Solution File, Format Version 12.00
# Visual Studio 14
VisualStudioVersion = 14.0.23107.0
MinimumVisualStudioVersion = 10.0.40219.1
Project("{FAE04EC0-301F-11D3-BF4B-00C04F79EFBC}") = "Problem1BiasAndVariance", "Problem1BiasAndVariance.csproj", "{C30E23BA-36FC-40EE-BA2F-092D26D99025}"
EndProject
Project("{FAE04EC0-301F-11D3-BF4B-00C04F79EFBC}") = "UwMachineLearningHw4UnitTests", "..\UwMachineLearningHw4UnitTests\UwMachineLearningHw4UnitTests.csproj", "{BF7E9ABC-57E9-42FE-82C9-DCBEAB38CDD6}"
EndProject
Global
	GlobalSection(SolutionConfigurationPlatforms) = preSolution
		Debug|Any CPU = Debug|Any CPU
		Release|Any CPU = Release|Any CPU
	EndGlobalSection
	GlobalSection(ProjectConfigurationPlatforms) = postSolution
		{C30E23BA-36FC-40EE-BA2F-092D26D99025}.Debug|Any CPU.ActiveCfg = Debug|Any CPU
		{C30E23BA-36FC-40EE-BA2F-092D26D99025}.Debug|Any CPU.Build.0 = Debug|Any CPU
		{C30E23BA-36FC-40EE-BA2F-092D26D99025}.Release|Any CPU.ActiveCfg = Release|Any CPU
		{C30E23BA-36FC-40EE-BA2F-092D26D99025}.Release|Any CPU.Build.0 = Release|Any CPU
		{BF7E9ABC-57E9-42FE-82C9-DCBEAB38CDD6}.Debug|Any CPU.ActiveCfg = Debug|Any CPU
		{BF7E9ABC-57E9-42FE-82C9-DCBEAB38CDD6}.Debug|Any CPU.Build.0 = Debug|Any CPU
		{BF7E9ABC-57E9-42FE-82C9-DCBEAB38CDD6}.Release|Any CPU.ActiveCfg = Release|Any CPU
		{BF7E9ABC-57E9-42FE-82C9-DCBEAB38CDD6}.Release|Any CPU.Build.0 = Release|Any CPU
	EndGlobalSection
	GlobalSection(SolutionProperties) = preSolution
		HideSolutionNode = FALSE
	EndGlobalSection
EndGlobal
